
Microsoft Visual Studio Solution File, Format Version 12.00
# Visual Studio 15
VisualStudioVersion = 15.0.28307.1800
MinimumVisualStudioVersion = 10.0.40219.1
Project("{FAE04EC0-301F-11D3-BF4B-00C04F79EFBC}") = "01-ByteBank", "src\01-ByteBank\01-ByteBank.csproj", "{8B1A45E3-7E4A-4561-8EB7-34999DBAB5F1}"
EndProject
Project("{FAE04EC0-301F-11D3-BF4B-00C04F79EFBC}") = "02-ByteBank", "src\02-ByteBank\02-ByteBank.csproj", "{C807DAE9-C914-4BE6-8293-8BAEB108524C}"
EndProject
Project("{FAE04EC0-301F-11D3-BF4B-00C04F79EFBC}") = "03-ByteBank", "src\03-ByteBank\03-ByteBank.csproj", "{B9D9FDC7-285F-4796-95CB-ED6331D8C52C}"
EndProject
Project("{FAE04EC0-301F-11D3-BF4B-00C04F79EFBC}") = "04-ByteBank", "src\04-ByteBank\04-ByteBank.csproj", "{F806FF51-2098-4DE4-89F0-BF16BFE69BC6}"
EndProject
Project("{FAE04EC0-301F-11D3-BF4B-00C04F79EFBC}") = "05-ByteBank", "src\05-ByteBank\05-ByteBank.csproj", "{217E941D-6732-483E-9E7E-5FFA4FA2125B}"
EndProject
Global
	GlobalSection(SolutionConfigurationPlatforms) = preSolution
		Debug|Any CPU = Debug|Any CPU
		Release|Any CPU = Release|Any CPU
	EndGlobalSection
	GlobalSection(ProjectConfigurationPlatforms) = postSolution
		{8B1A45E3-7E4A-4561-8EB7-34999DBAB5F1}.Debug|Any CPU.ActiveCfg = Debug|Any CPU
		{8B1A45E3-7E4A-4561-8EB7-34999DBAB5F1}.Debug|Any CPU.Build.0 = Debug|Any CPU
		{8B1A45E3-7E4A-4561-8EB7-34999DBAB5F1}.Release|Any CPU.ActiveCfg = Release|Any CPU
		{8B1A45E3-7E4A-4561-8EB7-34999DBAB5F1}.Release|Any CPU.Build.0 = Release|Any CPU
		{C807DAE9-C914-4BE6-8293-8BAEB108524C}.Debug|Any CPU.ActiveCfg = Debug|Any CPU
		{C807DAE9-C914-4BE6-8293-8BAEB108524C}.Debug|Any CPU.Build.0 = Debug|Any CPU
		{C807DAE9-C914-4BE6-8293-8BAEB108524C}.Release|Any CPU.ActiveCfg = Release|Any CPU
		{C807DAE9-C914-4BE6-8293-8BAEB108524C}.Release|Any CPU.Build.0 = Release|Any CPU
		{B9D9FDC7-285F-4796-95CB-ED6331D8C52C}.Debug|Any CPU.ActiveCfg = Debug|Any CPU
		{B9D9FDC7-285F-4796-95CB-ED6331D8C52C}.Debug|Any CPU.Build.0 = Debug|Any CPU
		{B9D9FDC7-285F-4796-95CB-ED6331D8C52C}.Release|Any CPU.ActiveCfg = Release|Any CPU
		{B9D9FDC7-285F-4796-95CB-ED6331D8C52C}.Release|Any CPU.Build.0 = Release|Any CPU
		{F806FF51-2098-4DE4-89F0-BF16BFE69BC6}.Debug|Any CPU.ActiveCfg = Debug|Any CPU
		{F806FF51-2098-4DE4-89F0-BF16BFE69BC6}.Debug|Any CPU.Build.0 = Debug|Any CPU
		{F806FF51-2098-4DE4-89F0-BF16BFE69BC6}.Release|Any CPU.ActiveCfg = Release|Any CPU
		{F806FF51-2098-4DE4-89F0-BF16BFE69BC6}.Release|Any CPU.Build.0 = Release|Any CPU
		{217E941D-6732-483E-9E7E-5FFA4FA2125B}.Debug|Any CPU.ActiveCfg = Debug|Any CPU
		{217E941D-6732-483E-9E7E-5FFA4FA2125B}.Debug|Any CPU.Build.0 = Debug|Any CPU
		{217E941D-6732-483E-9E7E-5FFA4FA2125B}.Release|Any CPU.ActiveCfg = Release|Any CPU
		{217E941D-6732-483E-9E7E-5FFA4FA2125B}.Release|Any CPU.Build.0 = Release|Any CPU
	EndGlobalSection
	GlobalSection(SolutionProperties) = preSolution
		HideSolutionNode = FALSE
	EndGlobalSection
	GlobalSection(ExtensibilityGlobals) = postSolution
		SolutionGuid = {4852B7FA-230D-4C04-B5C7-1EFD2DA8374A}
	EndGlobalSection
EndGlobal
