
Microsoft Visual Studio Solution File, Format Version 12.00
# Visual Studio 15
VisualStudioVersion = 15.0.28307.1800
MinimumVisualStudioVersion = 10.0.40219.1
Project("{FAE04EC0-301F-11D3-BF4B-00C04F79EFBC}") = "ByteBank", "src\ByteBank\ByteBank.csproj", "{3D3BE458-F718-428B-86C6-D18681B14B89}"
EndProject
Global
	GlobalSection(SolutionConfigurationPlatforms) = preSolution
		Debug|Any CPU = Debug|Any CPU
		Release|Any CPU = Release|Any CPU
	EndGlobalSection
	GlobalSection(ProjectConfigurationPlatforms) = postSolution
		{3D3BE458-F718-428B-86C6-D18681B14B89}.Debug|Any CPU.ActiveCfg = Debug|Any CPU
		{3D3BE458-F718-428B-86C6-D18681B14B89}.Debug|Any CPU.Build.0 = Debug|Any CPU
		{3D3BE458-F718-428B-86C6-D18681B14B89}.Release|Any CPU.ActiveCfg = Release|Any CPU
		{3D3BE458-F718-428B-86C6-D18681B14B89}.Release|Any CPU.Build.0 = Release|Any CPU
	EndGlobalSection
	GlobalSection(SolutionProperties) = preSolution
		HideSolutionNode = FALSE
	EndGlobalSection
	GlobalSection(ExtensibilityGlobals) = postSolution
		SolutionGuid = {E73EE5EA-F9AB-4295-A116-7FDC2CC8377D}
	EndGlobalSection
EndGlobal
